
Microsoft Visual Studio Solution File, Format Version 12.00
# Visual Studio 2013
VisualStudioVersion = 12.0.30501.0
MinimumVisualStudioVersion = 10.0.40219.1
Project("{FAE04EC0-301F-11D3-BF4B-00C04F79EFBC}") = "WatchYourBack", "WatchYourBack\WatchYourBack.csproj", "{1E178E67-747E-41BE-9A97-9BA553E8618F}"
EndProject
Project("{FAE04EC0-301F-11D3-BF4B-00C04F79EFBC}") = "WatchYourBackContent", "WatchYourBackContent\WatchYourBackContent\WatchYourBackContent.csproj", "{D2588212-7C52-49AC-9DA9-3B9892E586AD}"
EndProject
Project("{FAE04EC0-301F-11D3-BF4B-00C04F79EFBC}") = "WatchYourBackContentContent", "WatchYourBackContent\WatchYourBackContentContent\WatchYourBackContentContent.contentproj", "{FC0A0E19-4701-4337-B91A-A03FD52F86F9}"
EndProject
Project("{FAE04EC0-301F-11D3-BF4B-00C04F79EFBC}") = "WatchYourBackServer", "WatchYourBackServer\WatchYourBackServer.csproj", "{7D1A226D-93C7-4D87-BF3C-CBE4E2E38670}"
EndProject
Project("{FAE04EC0-301F-11D3-BF4B-00C04F79EFBC}") = "WatchYourBackLibrary", "WatchYourBackLibrary\WatchYourBackLibrary.csproj", "{7F450C9B-6722-47C7-B99F-21C4C60D15C8}"
EndProject
Global
	GlobalSection(SolutionConfigurationPlatforms) = preSolution
		Android|Any CPU = Android|Any CPU
		Android|Mixed Platforms = Android|Mixed Platforms
		Android|x86 = Android|x86
		Debug|Any CPU = Debug|Any CPU
		Debug|Mixed Platforms = Debug|Mixed Platforms
		Debug|x86 = Debug|x86
		iOS|Any CPU = iOS|Any CPU
		iOS|Mixed Platforms = iOS|Mixed Platforms
		iOS|x86 = iOS|x86
		Linux|Any CPU = Linux|Any CPU
		Linux|Mixed Platforms = Linux|Mixed Platforms
		Linux|x86 = Linux|x86
		OSX|Any CPU = OSX|Any CPU
		OSX|Mixed Platforms = OSX|Mixed Platforms
		OSX|x86 = OSX|x86
		PSM|Any CPU = PSM|Any CPU
		PSM|Mixed Platforms = PSM|Mixed Platforms
		PSM|x86 = PSM|x86
		Release|Any CPU = Release|Any CPU
		Release|Mixed Platforms = Release|Mixed Platforms
		Release|x86 = Release|x86
		Windows|Any CPU = Windows|Any CPU
		Windows|Mixed Platforms = Windows|Mixed Platforms
		Windows|x86 = Windows|x86
		Windows8|Any CPU = Windows8|Any CPU
		Windows8|Mixed Platforms = Windows8|Mixed Platforms
		Windows8|x86 = Windows8|x86
	EndGlobalSection
	GlobalSection(ProjectConfigurationPlatforms) = postSolution
		{1E178E67-747E-41BE-9A97-9BA553E8618F}.Android|Any CPU.ActiveCfg = Release|x86
		{1E178E67-747E-41BE-9A97-9BA553E8618F}.Android|Mixed Platforms.ActiveCfg = Release|x86
		{1E178E67-747E-41BE-9A97-9BA553E8618F}.Android|Mixed Platforms.Build.0 = Release|x86
		{1E178E67-747E-41BE-9A97-9BA553E8618F}.Android|x86.ActiveCfg = Release|x86
		{1E178E67-747E-41BE-9A97-9BA553E8618F}.Android|x86.Build.0 = Release|x86
		{1E178E67-747E-41BE-9A97-9BA553E8618F}.Debug|Any CPU.ActiveCfg = Debug|x86
		{1E178E67-747E-41BE-9A97-9BA553E8618F}.Debug|Mixed Platforms.ActiveCfg = Debug|x86
		{1E178E67-747E-41BE-9A97-9BA553E8618F}.Debug|Mixed Platforms.Build.0 = Debug|x86
		{1E178E67-747E-41BE-9A97-9BA553E8618F}.Debug|x86.ActiveCfg = Debug|x86
		{1E178E67-747E-41BE-9A97-9BA553E8618F}.Debug|x86.Build.0 = Debug|x86
		{1E178E67-747E-41BE-9A97-9BA553E8618F}.iOS|Any CPU.ActiveCfg = Release|x86
		{1E178E67-747E-41BE-9A97-9BA553E8618F}.iOS|Mixed Platforms.ActiveCfg = Release|x86
		{1E178E67-747E-41BE-9A97-9BA553E8618F}.iOS|Mixed Platforms.Build.0 = Release|x86
		{1E178E67-747E-41BE-9A97-9BA553E8618F}.iOS|x86.ActiveCfg = Release|x86
		{1E178E67-747E-41BE-9A97-9BA553E8618F}.iOS|x86.Build.0 = Release|x86
		{1E178E67-747E-41BE-9A97-9BA553E8618F}.Linux|Any CPU.ActiveCfg = Release|x86
		{1E178E67-747E-41BE-9A97-9BA553E8618F}.Linux|Mixed Platforms.ActiveCfg = Release|x86
		{1E178E67-747E-41BE-9A97-9BA553E8618F}.Linux|Mixed Platforms.Build.0 = Release|x86
		{1E178E67-747E-41BE-9A97-9BA553E8618F}.Linux|x86.ActiveCfg = Release|x86
		{1E178E67-747E-41BE-9A97-9BA553E8618F}.Linux|x86.Build.0 = Release|x86
		{1E178E67-747E-41BE-9A97-9BA553E8618F}.OSX|Any CPU.ActiveCfg = Release|x86
		{1E178E67-747E-41BE-9A97-9BA553E8618F}.OSX|Mixed Platforms.ActiveCfg = Release|x86
		{1E178E67-747E-41BE-9A97-9BA553E8618F}.OSX|Mixed Platforms.Build.0 = Release|x86
		{1E178E67-747E-41BE-9A97-9BA553E8618F}.OSX|x86.ActiveCfg = Release|x86
		{1E178E67-747E-41BE-9A97-9BA553E8618F}.OSX|x86.Build.0 = Release|x86
		{1E178E67-747E-41BE-9A97-9BA553E8618F}.PSM|Any CPU.ActiveCfg = Release|x86
		{1E178E67-747E-41BE-9A97-9BA553E8618F}.PSM|Mixed Platforms.ActiveCfg = Release|x86
		{1E178E67-747E-41BE-9A97-9BA553E8618F}.PSM|Mixed Platforms.Build.0 = Release|x86
		{1E178E67-747E-41BE-9A97-9BA553E8618F}.PSM|x86.ActiveCfg = Release|x86
		{1E178E67-747E-41BE-9A97-9BA553E8618F}.PSM|x86.Build.0 = Release|x86
		{1E178E67-747E-41BE-9A97-9BA553E8618F}.Release|Any CPU.ActiveCfg = Release|x86
		{1E178E67-747E-41BE-9A97-9BA553E8618F}.Release|Mixed Platforms.ActiveCfg = Release|x86
		{1E178E67-747E-41BE-9A97-9BA553E8618F}.Release|Mixed Platforms.Build.0 = Release|x86
		{1E178E67-747E-41BE-9A97-9BA553E8618F}.Release|x86.ActiveCfg = Release|x86
		{1E178E67-747E-41BE-9A97-9BA553E8618F}.Release|x86.Build.0 = Release|x86
		{1E178E67-747E-41BE-9A97-9BA553E8618F}.Windows|Any CPU.ActiveCfg = Release|x86
		{1E178E67-747E-41BE-9A97-9BA553E8618F}.Windows|Mixed Platforms.ActiveCfg = Release|x86
		{1E178E67-747E-41BE-9A97-9BA553E8618F}.Windows|Mixed Platforms.Build.0 = Release|x86
		{1E178E67-747E-41BE-9A97-9BA553E8618F}.Windows|x86.ActiveCfg = Release|x86
		{1E178E67-747E-41BE-9A97-9BA553E8618F}.Windows|x86.Build.0 = Release|x86
		{1E178E67-747E-41BE-9A97-9BA553E8618F}.Windows8|Any CPU.ActiveCfg = Release|x86
		{1E178E67-747E-41BE-9A97-9BA553E8618F}.Windows8|Mixed Platforms.ActiveCfg = Release|x86
		{1E178E67-747E-41BE-9A97-9BA553E8618F}.Windows8|Mixed Platforms.Build.0 = Release|x86
		{1E178E67-747E-41BE-9A97-9BA553E8618F}.Windows8|x86.ActiveCfg = Release|x86
		{1E178E67-747E-41BE-9A97-9BA553E8618F}.Windows8|x86.Build.0 = Release|x86
		{D2588212-7C52-49AC-9DA9-3B9892E586AD}.Android|Any CPU.ActiveCfg = Android|Any CPU
		{D2588212-7C52-49AC-9DA9-3B9892E586AD}.Android|Any CPU.Build.0 = Android|Any CPU
		{D2588212-7C52-49AC-9DA9-3B9892E586AD}.Android|Mixed Platforms.ActiveCfg = Android|Any CPU
		{D2588212-7C52-49AC-9DA9-3B9892E586AD}.Android|Mixed Platforms.Build.0 = Android|Any CPU
		{D2588212-7C52-49AC-9DA9-3B9892E586AD}.Android|x86.ActiveCfg = Android|Any CPU
		{D2588212-7C52-49AC-9DA9-3B9892E586AD}.Debug|Any CPU.ActiveCfg = PSM|Any CPU
		{D2588212-7C52-49AC-9DA9-3B9892E586AD}.Debug|Any CPU.Build.0 = PSM|Any CPU
		{D2588212-7C52-49AC-9DA9-3B9892E586AD}.Debug|Mixed Platforms.ActiveCfg = PSM|Any CPU
		{D2588212-7C52-49AC-9DA9-3B9892E586AD}.Debug|Mixed Platforms.Build.0 = PSM|Any CPU
		{D2588212-7C52-49AC-9DA9-3B9892E586AD}.Debug|x86.ActiveCfg = PSM|Any CPU
		{D2588212-7C52-49AC-9DA9-3B9892E586AD}.iOS|Any CPU.ActiveCfg = iOS|Any CPU
		{D2588212-7C52-49AC-9DA9-3B9892E586AD}.iOS|Any CPU.Build.0 = iOS|Any CPU
		{D2588212-7C52-49AC-9DA9-3B9892E586AD}.iOS|Mixed Platforms.ActiveCfg = iOS|Any CPU
		{D2588212-7C52-49AC-9DA9-3B9892E586AD}.iOS|Mixed Platforms.Build.0 = iOS|Any CPU
		{D2588212-7C52-49AC-9DA9-3B9892E586AD}.iOS|x86.ActiveCfg = iOS|Any CPU
		{D2588212-7C52-49AC-9DA9-3B9892E586AD}.Linux|Any CPU.ActiveCfg = Linux|Any CPU
		{D2588212-7C52-49AC-9DA9-3B9892E586AD}.Linux|Any CPU.Build.0 = Linux|Any CPU
		{D2588212-7C52-49AC-9DA9-3B9892E586AD}.Linux|Mixed Platforms.ActiveCfg = Linux|Any CPU
		{D2588212-7C52-49AC-9DA9-3B9892E586AD}.Linux|Mixed Platforms.Build.0 = Linux|Any CPU
		{D2588212-7C52-49AC-9DA9-3B9892E586AD}.Linux|x86.ActiveCfg = Linux|Any CPU
		{D2588212-7C52-49AC-9DA9-3B9892E586AD}.OSX|Any CPU.ActiveCfg = OSX|Any CPU
		{D2588212-7C52-49AC-9DA9-3B9892E586AD}.OSX|Any CPU.Build.0 = OSX|Any CPU
		{D2588212-7C52-49AC-9DA9-3B9892E586AD}.OSX|Mixed Platforms.ActiveCfg = OSX|Any CPU
		{D2588212-7C52-49AC-9DA9-3B9892E586AD}.OSX|Mixed Platforms.Build.0 = OSX|Any CPU
		{D2588212-7C52-49AC-9DA9-3B9892E586AD}.OSX|x86.ActiveCfg = OSX|Any CPU
		{D2588212-7C52-49AC-9DA9-3B9892E586AD}.PSM|Any CPU.ActiveCfg = PSM|Any CPU
		{D2588212-7C52-49AC-9DA9-3B9892E586AD}.PSM|Any CPU.Build.0 = PSM|Any CPU
		{D2588212-7C52-49AC-9DA9-3B9892E586AD}.PSM|Mixed Platforms.ActiveCfg = PSM|Any CPU
		{D2588212-7C52-49AC-9DA9-3B9892E586AD}.PSM|Mixed Platforms.Build.0 = PSM|Any CPU
		{D2588212-7C52-49AC-9DA9-3B9892E586AD}.PSM|x86.ActiveCfg = PSM|Any CPU
		{D2588212-7C52-49AC-9DA9-3B9892E586AD}.Release|Any CPU.ActiveCfg = PSM|Any CPU
		{D2588212-7C52-49AC-9DA9-3B9892E586AD}.Release|Any CPU.Build.0 = PSM|Any CPU
		{D2588212-7C52-49AC-9DA9-3B9892E586AD}.Release|Mixed Platforms.ActiveCfg = PSM|Any CPU
		{D2588212-7C52-49AC-9DA9-3B9892E586AD}.Release|Mixed Platforms.Build.0 = PSM|Any CPU
		{D2588212-7C52-49AC-9DA9-3B9892E586AD}.Release|x86.ActiveCfg = PSM|Any CPU
		{D2588212-7C52-49AC-9DA9-3B9892E586AD}.Windows|Any CPU.ActiveCfg = Windows|Any CPU
		{D2588212-7C52-49AC-9DA9-3B9892E586AD}.Windows|Any CPU.Build.0 = Windows|Any CPU
		{D2588212-7C52-49AC-9DA9-3B9892E586AD}.Windows|Mixed Platforms.ActiveCfg = Windows|Any CPU
		{D2588212-7C52-49AC-9DA9-3B9892E586AD}.Windows|Mixed Platforms.Build.0 = Windows|Any CPU
		{D2588212-7C52-49AC-9DA9-3B9892E586AD}.Windows|x86.ActiveCfg = Windows|Any CPU
		{D2588212-7C52-49AC-9DA9-3B9892E586AD}.Windows8|Any CPU.ActiveCfg = Windows8|Any CPU
		{D2588212-7C52-49AC-9DA9-3B9892E586AD}.Windows8|Any CPU.Build.0 = Windows8|Any CPU
		{D2588212-7C52-49AC-9DA9-3B9892E586AD}.Windows8|Mixed Platforms.ActiveCfg = Windows8|Any CPU
		{D2588212-7C52-49AC-9DA9-3B9892E586AD}.Windows8|Mixed Platforms.Build.0 = Windows8|Any CPU
		{D2588212-7C52-49AC-9DA9-3B9892E586AD}.Windows8|x86.ActiveCfg = Windows8|Any CPU
		{FC0A0E19-4701-4337-B91A-A03FD52F86F9}.Android|Any CPU.ActiveCfg = Android|Any CPU
		{FC0A0E19-4701-4337-B91A-A03FD52F86F9}.Android|Mixed Platforms.ActiveCfg = Android|Any CPU
		{FC0A0E19-4701-4337-B91A-A03FD52F86F9}.Android|x86.ActiveCfg = Android|Any CPU
		{FC0A0E19-4701-4337-B91A-A03FD52F86F9}.Debug|Any CPU.ActiveCfg = PSM|Any CPU
		{FC0A0E19-4701-4337-B91A-A03FD52F86F9}.Debug|Mixed Platforms.ActiveCfg = PSM|Any CPU
		{FC0A0E19-4701-4337-B91A-A03FD52F86F9}.Debug|x86.ActiveCfg = PSM|Any CPU
		{FC0A0E19-4701-4337-B91A-A03FD52F86F9}.iOS|Any CPU.ActiveCfg = iOS|Any CPU
		{FC0A0E19-4701-4337-B91A-A03FD52F86F9}.iOS|Mixed Platforms.ActiveCfg = iOS|Any CPU
		{FC0A0E19-4701-4337-B91A-A03FD52F86F9}.iOS|x86.ActiveCfg = iOS|Any CPU
		{FC0A0E19-4701-4337-B91A-A03FD52F86F9}.Linux|Any CPU.ActiveCfg = Linux|Any CPU
		{FC0A0E19-4701-4337-B91A-A03FD52F86F9}.Linux|Mixed Platforms.ActiveCfg = Linux|Any CPU
		{FC0A0E19-4701-4337-B91A-A03FD52F86F9}.Linux|x86.ActiveCfg = Linux|Any CPU
		{FC0A0E19-4701-4337-B91A-A03FD52F86F9}.OSX|Any CPU.ActiveCfg = OSX|Any CPU
		{FC0A0E19-4701-4337-B91A-A03FD52F86F9}.OSX|Mixed Platforms.ActiveCfg = OSX|Any CPU
		{FC0A0E19-4701-4337-B91A-A03FD52F86F9}.OSX|x86.ActiveCfg = OSX|Any CPU
		{FC0A0E19-4701-4337-B91A-A03FD52F86F9}.PSM|Any CPU.ActiveCfg = PSM|Any CPU
		{FC0A0E19-4701-4337-B91A-A03FD52F86F9}.PSM|Mixed Platforms.ActiveCfg = PSM|Any CPU
		{FC0A0E19-4701-4337-B91A-A03FD52F86F9}.PSM|x86.ActiveCfg = PSM|Any CPU
		{FC0A0E19-4701-4337-B91A-A03FD52F86F9}.Release|Any CPU.ActiveCfg = PSM|Any CPU
		{FC0A0E19-4701-4337-B91A-A03FD52F86F9}.Release|Mixed Platforms.ActiveCfg = PSM|Any CPU
		{FC0A0E19-4701-4337-B91A-A03FD52F86F9}.Release|x86.ActiveCfg = PSM|Any CPU
		{FC0A0E19-4701-4337-B91A-A03FD52F86F9}.Windows|Any CPU.ActiveCfg = Windows|Any CPU
		{FC0A0E19-4701-4337-B91A-A03FD52F86F9}.Windows|Mixed Platforms.ActiveCfg = Windows|Any CPU
		{FC0A0E19-4701-4337-B91A-A03FD52F86F9}.Windows|x86.ActiveCfg = Windows|Any CPU
		{FC0A0E19-4701-4337-B91A-A03FD52F86F9}.Windows8|Any CPU.ActiveCfg = Windows8|Any CPU
		{FC0A0E19-4701-4337-B91A-A03FD52F86F9}.Windows8|Mixed Platforms.ActiveCfg = Windows8|Any CPU
		{FC0A0E19-4701-4337-B91A-A03FD52F86F9}.Windows8|x86.ActiveCfg = Windows8|Any CPU
		{7D1A226D-93C7-4D87-BF3C-CBE4E2E38670}.Android|Any CPU.ActiveCfg = Release|Any CPU
		{7D1A226D-93C7-4D87-BF3C-CBE4E2E38670}.Android|Any CPU.Build.0 = Release|Any CPU
		{7D1A226D-93C7-4D87-BF3C-CBE4E2E38670}.Android|Mixed Platforms.ActiveCfg = Release|Any CPU
		{7D1A226D-93C7-4D87-BF3C-CBE4E2E38670}.Android|Mixed Platforms.Build.0 = Release|Any CPU
		{7D1A226D-93C7-4D87-BF3C-CBE4E2E38670}.Android|x86.ActiveCfg = Release|Any CPU
		{7D1A226D-93C7-4D87-BF3C-CBE4E2E38670}.Debug|Any CPU.ActiveCfg = Debug|Any CPU
		{7D1A226D-93C7-4D87-BF3C-CBE4E2E38670}.Debug|Any CPU.Build.0 = Debug|Any CPU
		{7D1A226D-93C7-4D87-BF3C-CBE4E2E38670}.Debug|Mixed Platforms.ActiveCfg = Debug|Any CPU
		{7D1A226D-93C7-4D87-BF3C-CBE4E2E38670}.Debug|Mixed Platforms.Build.0 = Debug|Any CPU
		{7D1A226D-93C7-4D87-BF3C-CBE4E2E38670}.Debug|x86.ActiveCfg = Debug|Any CPU
		{7D1A226D-93C7-4D87-BF3C-CBE4E2E38670}.iOS|Any CPU.ActiveCfg = Release|Any CPU
		{7D1A226D-93C7-4D87-BF3C-CBE4E2E38670}.iOS|Any CPU.Build.0 = Release|Any CPU
		{7D1A226D-93C7-4D87-BF3C-CBE4E2E38670}.iOS|Mixed Platforms.ActiveCfg = Release|Any CPU
		{7D1A226D-93C7-4D87-BF3C-CBE4E2E38670}.iOS|Mixed Platforms.Build.0 = Release|Any CPU
		{7D1A226D-93C7-4D87-BF3C-CBE4E2E38670}.iOS|x86.ActiveCfg = Release|Any CPU
		{7D1A226D-93C7-4D87-BF3C-CBE4E2E38670}.Linux|Any CPU.ActiveCfg = Release|Any CPU
		{7D1A226D-93C7-4D87-BF3C-CBE4E2E38670}.Linux|Any CPU.Build.0 = Release|Any CPU
		{7D1A226D-93C7-4D87-BF3C-CBE4E2E38670}.Linux|Mixed Platforms.ActiveCfg = Release|Any CPU
		{7D1A226D-93C7-4D87-BF3C-CBE4E2E38670}.Linux|Mixed Platforms.Build.0 = Release|Any CPU
		{7D1A226D-93C7-4D87-BF3C-CBE4E2E38670}.Linux|x86.ActiveCfg = Release|Any CPU
		{7D1A226D-93C7-4D87-BF3C-CBE4E2E38670}.OSX|Any CPU.ActiveCfg = Release|Any CPU
		{7D1A226D-93C7-4D87-BF3C-CBE4E2E38670}.OSX|Any CPU.Build.0 = Release|Any CPU
		{7D1A226D-93C7-4D87-BF3C-CBE4E2E38670}.OSX|Mixed Platforms.ActiveCfg = Release|Any CPU
		{7D1A226D-93C7-4D87-BF3C-CBE4E2E38670}.OSX|Mixed Platforms.Build.0 = Release|Any CPU
		{7D1A226D-93C7-4D87-BF3C-CBE4E2E38670}.OSX|x86.ActiveCfg = Release|Any CPU
		{7D1A226D-93C7-4D87-BF3C-CBE4E2E38670}.PSM|Any CPU.ActiveCfg = Release|Any CPU
		{7D1A226D-93C7-4D87-BF3C-CBE4E2E38670}.PSM|Any CPU.Build.0 = Release|Any CPU
		{7D1A226D-93C7-4D87-BF3C-CBE4E2E38670}.PSM|Mixed Platforms.ActiveCfg = Release|Any CPU
		{7D1A226D-93C7-4D87-BF3C-CBE4E2E38670}.PSM|Mixed Platforms.Build.0 = Release|Any CPU
		{7D1A226D-93C7-4D87-BF3C-CBE4E2E38670}.PSM|x86.ActiveCfg = Release|Any CPU
		{7D1A226D-93C7-4D87-BF3C-CBE4E2E38670}.Release|Any CPU.ActiveCfg = Release|Any CPU
		{7D1A226D-93C7-4D87-BF3C-CBE4E2E38670}.Release|Any CPU.Build.0 = Release|Any CPU
		{7D1A226D-93C7-4D87-BF3C-CBE4E2E38670}.Release|Mixed Platforms.ActiveCfg = Release|Any CPU
		{7D1A226D-93C7-4D87-BF3C-CBE4E2E38670}.Release|Mixed Platforms.Build.0 = Release|Any CPU
		{7D1A226D-93C7-4D87-BF3C-CBE4E2E38670}.Release|x86.ActiveCfg = Release|Any CPU
		{7D1A226D-93C7-4D87-BF3C-CBE4E2E38670}.Windows|Any CPU.ActiveCfg = Release|Any CPU
		{7D1A226D-93C7-4D87-BF3C-CBE4E2E38670}.Windows|Any CPU.Build.0 = Release|Any CPU
		{7D1A226D-93C7-4D87-BF3C-CBE4E2E38670}.Windows|Mixed Platforms.ActiveCfg = Release|Any CPU
		{7D1A226D-93C7-4D87-BF3C-CBE4E2E38670}.Windows|Mixed Platforms.Build.0 = Release|Any CPU
		{7D1A226D-93C7-4D87-BF3C-CBE4E2E38670}.Windows|x86.ActiveCfg = Release|Any CPU
		{7D1A226D-93C7-4D87-BF3C-CBE4E2E38670}.Windows8|Any CPU.ActiveCfg = Release|Any CPU
		{7D1A226D-93C7-4D87-BF3C-CBE4E2E38670}.Windows8|Any CPU.Build.0 = Release|Any CPU
		{7D1A226D-93C7-4D87-BF3C-CBE4E2E38670}.Windows8|Mixed Platforms.ActiveCfg = Release|Any CPU
		{7D1A226D-93C7-4D87-BF3C-CBE4E2E38670}.Windows8|Mixed Platforms.Build.0 = Release|Any CPU
		{7D1A226D-93C7-4D87-BF3C-CBE4E2E38670}.Windows8|x86.ActiveCfg = Release|Any CPU
		{7F450C9B-6722-47C7-B99F-21C4C60D15C8}.Android|Any CPU.ActiveCfg = Release|Any CPU
		{7F450C9B-6722-47C7-B99F-21C4C60D15C8}.Android|Any CPU.Build.0 = Release|Any CPU
		{7F450C9B-6722-47C7-B99F-21C4C60D15C8}.Android|Mixed Platforms.ActiveCfg = Release|Any CPU
		{7F450C9B-6722-47C7-B99F-21C4C60D15C8}.Android|Mixed Platforms.Build.0 = Release|Any CPU
		{7F450C9B-6722-47C7-B99F-21C4C60D15C8}.Android|x86.ActiveCfg = Release|Any CPU
		{7F450C9B-6722-47C7-B99F-21C4C60D15C8}.Debug|Any CPU.ActiveCfg = Debug|Any CPU
		{7F450C9B-6722-47C7-B99F-21C4C60D15C8}.Debug|Any CPU.Build.0 = Debug|Any CPU
		{7F450C9B-6722-47C7-B99F-21C4C60D15C8}.Debug|Mixed Platforms.ActiveCfg = Debug|Any CPU
		{7F450C9B-6722-47C7-B99F-21C4C60D15C8}.Debug|Mixed Platforms.Build.0 = Debug|Any CPU
		{7F450C9B-6722-47C7-B99F-21C4C60D15C8}.Debug|x86.ActiveCfg = Debug|Any CPU
		{7F450C9B-6722-47C7-B99F-21C4C60D15C8}.iOS|Any CPU.ActiveCfg = Release|Any CPU
		{7F450C9B-6722-47C7-B99F-21C4C60D15C8}.iOS|Any CPU.Build.0 = Release|Any CPU
		{7F450C9B-6722-47C7-B99F-21C4C60D15C8}.iOS|Mixed Platforms.ActiveCfg = Release|Any CPU
		{7F450C9B-6722-47C7-B99F-21C4C60D15C8}.iOS|Mixed Platforms.Build.0 = Release|Any CPU
		{7F450C9B-6722-47C7-B99F-21C4C60D15C8}.iOS|x86.ActiveCfg = Release|Any CPU
		{7F450C9B-6722-47C7-B99F-21C4C60D15C8}.Linux|Any CPU.ActiveCfg = Release|Any CPU
		{7F450C9B-6722-47C7-B99F-21C4C60D15C8}.Linux|Any CPU.Build.0 = Release|Any CPU
		{7F450C9B-6722-47C7-B99F-21C4C60D15C8}.Linux|Mixed Platforms.ActiveCfg = Release|Any CPU
		{7F450C9B-6722-47C7-B99F-21C4C60D15C8}.Linux|Mixed Platforms.Build.0 = Release|Any CPU
		{7F450C9B-6722-47C7-B99F-21C4C60D15C8}.Linux|x86.ActiveCfg = Release|Any CPU
		{7F450C9B-6722-47C7-B99F-21C4C60D15C8}.OSX|Any CPU.ActiveCfg = Release|Any CPU
		{7F450C9B-6722-47C7-B99F-21C4C60D15C8}.OSX|Any CPU.Build.0 = Release|Any CPU
		{7F450C9B-6722-47C7-B99F-21C4C60D15C8}.OSX|Mixed Platforms.ActiveCfg = Release|Any CPU
		{7F450C9B-6722-47C7-B99F-21C4C60D15C8}.OSX|Mixed Platforms.Build.0 = Release|Any CPU
		{7F450C9B-6722-47C7-B99F-21C4C60D15C8}.OSX|x86.ActiveCfg = Release|Any CPU
		{7F450C9B-6722-47C7-B99F-21C4C60D15C8}.PSM|Any CPU.ActiveCfg = Release|Any CPU
		{7F450C9B-6722-47C7-B99F-21C4C60D15C8}.PSM|Any CPU.Build.0 = Release|Any CPU
		{7F450C9B-6722-47C7-B99F-21C4C60D15C8}.PSM|Mixed Platforms.ActiveCfg = Release|Any CPU
		{7F450C9B-6722-47C7-B99F-21C4C60D15C8}.PSM|Mixed Platforms.Build.0 = Release|Any CPU
		{7F450C9B-6722-47C7-B99F-21C4C60D15C8}.PSM|x86.ActiveCfg = Release|Any CPU
		{7F450C9B-6722-47C7-B99F-21C4C60D15C8}.Release|Any CPU.ActiveCfg = Release|Any CPU
		{7F450C9B-6722-47C7-B99F-21C4C60D15C8}.Release|Any CPU.Build.0 = Release|Any CPU
		{7F450C9B-6722-47C7-B99F-21C4C60D15C8}.Release|Mixed Platforms.ActiveCfg = Release|Any CPU
		{7F450C9B-6722-47C7-B99F-21C4C60D15C8}.Release|Mixed Platforms.Build.0 = Release|Any CPU
		{7F450C9B-6722-47C7-B99F-21C4C60D15C8}.Release|x86.ActiveCfg = Release|Any CPU
		{7F450C9B-6722-47C7-B99F-21C4C60D15C8}.Windows|Any CPU.ActiveCfg = Release|Any CPU
		{7F450C9B-6722-47C7-B99F-21C4C60D15C8}.Windows|Any CPU.Build.0 = Release|Any CPU
		{7F450C9B-6722-47C7-B99F-21C4C60D15C8}.Windows|Mixed Platforms.ActiveCfg = Release|Any CPU
		{7F450C9B-6722-47C7-B99F-21C4C60D15C8}.Windows|Mixed Platforms.Build.0 = Release|Any CPU
		{7F450C9B-6722-47C7-B99F-21C4C60D15C8}.Windows|x86.ActiveCfg = Release|Any CPU
		{7F450C9B-6722-47C7-B99F-21C4C60D15C8}.Windows8|Any CPU.ActiveCfg = Release|Any CPU
		{7F450C9B-6722-47C7-B99F-21C4C60D15C8}.Windows8|Any CPU.Build.0 = Release|Any CPU
		{7F450C9B-6722-47C7-B99F-21C4C60D15C8}.Windows8|Mixed Platforms.ActiveCfg = Release|Any CPU
		{7F450C9B-6722-47C7-B99F-21C4C60D15C8}.Windows8|Mixed Platforms.Build.0 = Release|Any CPU
		{7F450C9B-6722-47C7-B99F-21C4C60D15C8}.Windows8|x86.ActiveCfg = Release|Any CPU
	EndGlobalSection
	GlobalSection(SolutionProperties) = preSolution
		HideSolutionNode = FALSE
	EndGlobalSection
	GlobalSection(Performance) = preSolution
		HasPerformanceSessions = true
	EndGlobalSection
EndGlobal
